{
  "name": "code_view",
  "version": "1.0.0",
  "lockfileVersion": 1,
  "requires": true,
  "dependencies": {
    "@polka/url": {
      "version": "0.5.0",
      "resolved": "https://registry.npm.taobao.org/@polka/url/download/@polka/url-0.5.0.tgz",
      "integrity": "sha1-shUQWX/WAeXXyVAIt2vw0lTr/TE=",
      "dev": true
    },
    "@types/estree": {
      "version": "0.0.39",
      "resolved": "https://registry.npm.taobao.org/@types/estree/download/@types/estree-0.0.39.tgz",
      "integrity": "sha1-4Xfmme4bjCLSMXTKqnQiZEOJUJ8=",
      "dev": true
    },
    "@types/node": {
      "version": "13.9.1",
      "resolved": "https://registry.npm.taobao.org/@types/node/download/@types/node-13.9.1.tgz?cache=0&other_urls=https%3A%2F%2Fregistry.npm.taobao.org%2F%40types%2Fnode%2Fdownload%2F%40types%2Fnode-13.9.1.tgz",
      "integrity": "sha1-lvYG+M1n+wGIR9m2HpOZfave/HI=",
      "dev": true
    },
    "@types/resolve": {
      "version": "0.0.8",
      "resolved": "https://registry.npm.taobao.org/@types/resolve/download/@types/resolve-0.0.8.tgz",
      "integrity": "sha1-8mB00jjgJlnjI84aE9BB7uKA4ZQ=",
      "dev": true,
      "requires": {
        "@types/node": "*"
      }
    },
    "builtin-modules": {
      "version": "3.1.0",
      "resolved": "https://registry.npm.taobao.org/builtin-modules/download/builtin-modules-3.1.0.tgz",
      "integrity": "sha1-qtl8FRMet2tltQ7yCOdYTNdqdIQ=",
      "dev": true
    },
    "console-clear": {
      "version": "1.1.1",
      "resolved": "https://registry.npm.taobao.org/console-clear/download/console-clear-1.1.1.tgz",
      "integrity": "sha1-mV4gy/vxTdeStnLN44e9Eo1nS/c=",
      "dev": true
    },
    "estree-walker": {
      "version": "0.6.1",
      "resolved": "https://registry.npm.taobao.org/estree-walker/download/estree-walker-0.6.1.tgz",
      "integrity": "sha1-UwSRQ/QMbrkYsjZx0f4yGfOhs2I=",
      "dev": true
    },
    "fsevents": {
      "version": "2.1.2",
      "resolved": "https://registry.npm.taobao.org/fsevents/download/fsevents-2.1.2.tgz?cache=0&sync_timestamp=1580708699417&other_urls=https%3A%2F%2Fregistry.npm.taobao.org%2Ffsevents%2Fdownload%2Ffsevents-2.1.2.tgz",
      "integrity": "sha1-TAofs0vGjlQ7S4Kp7Dkr+9qECAU=",
      "dev": true,
      "optional": true
    },
    "get-port": {
      "version": "3.2.0",
      "resolved": "https://registry.npm.taobao.org/get-port/download/get-port-3.2.0.tgz",
      "integrity": "sha1-3Xzn3hh8Bsi/NTeWrHHgmfCYDrw=",
      "dev": true
    },
    "is-module": {
      "version": "1.0.0",
      "resolved": "https://registry.npm.taobao.org/is-module/download/is-module-1.0.0.tgz",
      "integrity": "sha1-Mlj7afeMFNW4FdZkM2tM/7ZEFZE=",
      "dev": true
    },
    "is-reference": {
      "version": "1.1.4",
      "resolved": "https://registry.npm.taobao.org/is-reference/download/is-reference-1.1.4.tgz",
      "integrity": "sha1-P5WEmIbdtwJWo+bQYrGmjBPFFCc=",
      "dev": true,
      "requires": {
        "@types/estree": "0.0.39"
      }
    },
    "kleur": {
      "version": "3.0.3",
      "resolved": "https://registry.npm.taobao.org/kleur/download/kleur-3.0.3.tgz",
      "integrity": "sha1-p5yezIbuHOP6YgbRIWxQHxR/wH4=",
      "dev": true
    },
    "local-access": {
      "version": "1.0.1",
      "resolved": "https://registry.npm.taobao.org/local-access/download/local-access-1.0.1.tgz",
      "integrity": "sha1-USElgUbWToaQRsZC6k8d05/5Qrs=",
      "dev": true
    },
    "magic-string": {
      "version": "0.25.7",
      "resolved": "https://registry.npm.taobao.org/magic-string/download/magic-string-0.25.7.tgz?cache=0&sync_timestamp=1583500499850&other_urls=https%3A%2F%2Fregistry.npm.taobao.org%2Fmagic-string%2Fdownload%2Fmagic-string-0.25.7.tgz",
      "integrity": "sha1-P0l9b9NMZpxnmNy4IfLvMfVEUFE=",
      "dev": true,
      "requires": {
        "sourcemap-codec": "^1.4.4"
      }
    },
    "mime": {
      "version": "2.4.4",
      "resolved": "https://registry.npm.taobao.org/mime/download/mime-2.4.4.tgz",
      "integrity": "sha1-vXuRE1/GsBzePpuuM9ZZtj2IV+U=",
      "dev": true
    },
    "mri": {
      "version": "1.1.4",
      "resolved": "https://registry.npm.taobao.org/mri/download/mri-1.1.4.tgz",
      "integrity": "sha1-fLHdG5tAkF8frAU6viW2cg9EdEo=",
      "dev": true
    },
    "path-parse": {
      "version": "1.0.7",
      "resolved": "https://registry.npmjs.org/path-parse/-/path-parse-1.0.7.tgz",
      "integrity": "sha512-LDJzPVEEEPR+y48z93A0Ed0yXb8pAByGWo/k5YYdYgpY2/2EsOsksJrq7lOHxryrVOn1ejG6oAp8ahvOIQD8sw==",
      "dev": true
    },
    "require-relative": {
      "version": "0.8.7",
      "resolved": "https://registry.npm.taobao.org/require-relative/download/require-relative-0.8.7.tgz",
      "integrity": "sha1-eZlTn8ngR6N5KPoZb44VY9q9Nt4=",
      "dev": true
    },
    "resolve": {
      "version": "1.15.1",
      "resolved": "https://registry.npm.taobao.org/resolve/download/resolve-1.15.1.tgz",
      "integrity": "sha1-J73N7/6vLWJEuVuw+fS0ZTRR8+g=",
      "dev": true,
      "requires": {
        "path-parse": "^1.0.6"
      }
    },
    "rollup": {
      "version": "2.1.0",
      "resolved": "https://registry.npm.taobao.org/rollup/download/rollup-2.1.0.tgz",
      "integrity": "sha1-VS4kjjl6BrnG24eMBWTKTuBnKck=",
      "dev": true,
      "requires": {
        "fsevents": "~2.1.2"
      }
    },
    "rollup-plugin-commonjs": {
      "version": "10.1.0",
      "resolved": "https://registry.npm.taobao.org/rollup-plugin-commonjs/download/rollup-plugin-commonjs-10.1.0.tgz",
      "integrity": "sha1-QXrztUUDh44ITRJ6300cr4vrhvs=",
      "dev": true,
      "requires": {
        "estree-walker": "^0.6.1",
        "is-reference": "^1.1.2",
        "magic-string": "^0.25.2",
        "resolve": "^1.11.0",
        "rollup-pluginutils": "^2.8.1"
      }
    },
    "rollup-plugin-node-resolve": {
      "version": "5.2.0",
      "resolved": "https://registry.npm.taobao.org/rollup-plugin-node-resolve/download/rollup-plugin-node-resolve-5.2.0.tgz",
      "integrity": "sha1-cw+T0Q7SAkc7H7VKWZen24xthSM=",
      "dev": true,
      "requires": {
        "@types/resolve": "0.0.8",
        "builtin-modules": "^3.1.0",
        "is-module": "^1.0.0",
        "resolve": "^1.11.1",
        "rollup-pluginutils": "^2.8.1"
      }
    },
    "rollup-plugin-svelte": {
      "version": "5.1.1",
      "resolved": "https://registry.npm.taobao.org/rollup-plugin-svelte/download/rollup-plugin-svelte-5.1.1.tgz",
      "integrity": "sha1-AJT5Tn5v91ebzZ93abRUdRumcOE=",
      "dev": true,
      "requires": {
        "require-relative": "^0.8.7",
        "rollup-pluginutils": "^2.3.3",
        "sourcemap-codec": "^1.4.4"
      }
    },
    "rollup-pluginutils": {
      "version": "2.8.2",
      "resolved": "https://registry.npm.taobao.org/rollup-pluginutils/download/rollup-pluginutils-2.8.2.tgz?cache=0&sync_timestamp=1568598524983&other_urls=https%3A%2F%2Fregistry.npm.taobao.org%2Frollup-pluginutils%2Fdownload%2Frollup-pluginutils-2.8.2.tgz",
      "integrity": "sha1-cvKvB0i1kjZNvTOJ5gDlqURKNR4=",
      "dev": true,
      "requires": {
        "estree-walker": "^0.6.1"
      }
    },
    "sade": {
      "version": "1.7.3",
      "resolved": "https://registry.npm.taobao.org/sade/download/sade-1.7.3.tgz",
      "integrity": "sha1-ohfMxPtKuy0nFki/SPZiiyY2+hs=",
      "dev": true,
      "requires": {
        "mri": "^1.1.0"
      }
    },
    "sirv": {
      "version": "0.4.2",
      "resolved": "https://registry.npm.taobao.org/sirv/download/sirv-0.4.2.tgz",
      "integrity": "sha1-hC7SLzqrWPruhO6mbPZgZuEj1ts=",
      "dev": true,
      "requires": {
        "@polka/url": "^0.5.0",
        "mime": "^2.3.1"
      }
    },
    "sirv-cli": {
      "version": "0.4.5",
      "resolved": "https://registry.npm.taobao.org/sirv-cli/download/sirv-cli-0.4.5.tgz",
      "integrity": "sha1-/s392UMAB5f3nGZSoc4nLNuN82k=",
      "dev": true,
      "requires": {
        "console-clear": "^1.1.0",
        "get-port": "^3.2.0",
        "kleur": "^3.0.0",
        "local-access": "^1.0.1",
        "sade": "^1.4.0",
        "sirv": "^0.4.2",
        "tinydate": "^1.0.0"
      }
    },
    "sourcemap-codec": {
      "version": "1.4.8",
      "resolved": "https://registry.npm.taobao.org/sourcemap-codec/download/sourcemap-codec-1.4.8.tgz",
      "integrity": "sha1-6oBL2UhXQC5pktBaOO8a41qatMQ=",
      "dev": true
    },
    "svelte": {
      "version": "3.20.1",
      "resolved": "https://registry.npm.taobao.org/svelte/download/svelte-3.20.1.tgz",
      "integrity": "sha1-hBf82IOi9TS2QqBzc2gnLmUc86w=",
      "dev": true
    },
    "tinydate": {
      "version": "1.2.0",
      "resolved": "https://registry.npm.taobao.org/tinydate/download/tinydate-1.2.0.tgz",
      "integrity": "sha1-NrS7AnFfiXQ/PvkHPTVz0AWijQ4=",
      "dev": true
    }
  }
}
